
Microsoft Visual Studio Solution File, Format Version 12.00
# Visual Studio Version 17
VisualStudioVersion = 17.7.34024.191
MinimumVisualStudioVersion = 10.0.40219.1
Project("{FAE04EC0-301F-11D3-BF4B-00C04F79EFBC}") = "AdventureWorks", "AdventureWorks\AdventureWorks.csproj", "{6446BCF7-8446-4D09-B949-9C051DAE2E5C}"
EndProject
Global
	GlobalSection(SolutionConfigurationPlatforms) = preSolution
		Debug|Any CPU = Debug|Any CPU
		Release|Any CPU = Release|Any CPU
	EndGlobalSection
	GlobalSection(ProjectConfigurationPlatforms) = postSolution
		{6446BCF7-8446-4D09-B949-9C051DAE2E5C}.Debug|Any CPU.ActiveCfg = Debug|Any CPU
		{6446BCF7-8446-4D09-B949-9C051DAE2E5C}.Debug|Any CPU.Build.0 = Debug|Any CPU
		{6446BCF7-8446-4D09-B949-9C051DAE2E5C}.Release|Any CPU.ActiveCfg = Release|Any CPU
		{6446BCF7-8446-4D09-B949-9C051DAE2E5C}.Release|Any CPU.Build.0 = Release|Any CPU
	EndGlobalSection
	GlobalSection(SolutionProperties) = preSolution
		HideSolutionNode = FALSE
	EndGlobalSection
	GlobalSection(ExtensibilityGlobals) = postSolution
		SolutionGuid = {1AFCC970-A724-4E93-96D2-C778067ECCE1}
	EndGlobalSection
EndGlobal
